// !$*UTF8*$!
{
	archiveVersion = 1;
	classes = {
	};
	objectVersion = 50;
	objects = {

/* Begin PBXBuildFile section */
		DF9615FF2510093200928B07 /* CountryCollectionViewCell.swift in Sources */ = {isa = PBXBuildFile; fileRef = DF9615FE2510093200928B07 /* CountryCollectionViewCell.swift */; };
		DF96160225100A9200928B07 /* CountryCollectionViewCell.xib in Resources */ = {isa = PBXBuildFile; fileRef = DF96160125100A9200928B07 /* CountryCollectionViewCell.xib */; };
		DFB0ABF6250BFF9F00C9C934 /* Assets.xcassets in Resources */ = {isa = PBXBuildFile; fileRef = DFB0ABF5250BFF9F00C9C934 /* Assets.xcassets */; };
		DFB0ABF9250BFF9F00C9C934 /* LaunchScreen.storyboard in Resources */ = {isa = PBXBuildFile; fileRef = DFB0ABF7250BFF9F00C9C934 /* LaunchScreen.storyboard */; };
		DFB0AC03250C011700C9C934 /* BrowseNewsViewController.xib in Resources */ = {isa = PBXBuildFile; fileRef = DFB0AC01250C011700C9C934 /* BrowseNewsViewController.xib */; };
		DFB0AC04250C038A00C9C934 /* AppDelegate.swift in Sources */ = {isa = PBXBuildFile; fileRef = DFB0ABEC250BFF9E00C9C934 /* AppDelegate.swift */; };
		DFB0AC08250C087900C9C934 /* CategoryView.xib in Resources */ = {isa = PBXBuildFile; fileRef = DFB0AC07250C087900C9C934 /* CategoryView.xib */; };
		DFB0AC0B250C11A200C9C934 /* CategoryView.swift in Sources */ = {isa = PBXBuildFile; fileRef = DFB0AC09250C088B00C9C934 /* CategoryView.swift */; };
		DFB0AC0E250C128400C9C934 /* UIView+extension.swift in Sources */ = {isa = PBXBuildFile; fileRef = DFB0AC0D250C128400C9C934 /* UIView+extension.swift */; };
		DFB0AC10250C158800C9C934 /* CategoryCellView.xib in Resources */ = {isa = PBXBuildFile; fileRef = DFB0AC0F250C158800C9C934 /* CategoryCellView.xib */; };
		DFB0AC12250C15BC00C9C934 /* CategoryCellView.swift in Sources */ = {isa = PBXBuildFile; fileRef = DFB0AC11250C15BC00C9C934 /* CategoryCellView.swift */; };
		DFB0AC15250C453600C9C934 /* Category.swift in Sources */ = {isa = PBXBuildFile; fileRef = DFB0AC14250C453600C9C934 /* Category.swift */; };
		DFB0AC18250C465C00C9C934 /* CategoryViewModel.swift in Sources */ = {isa = PBXBuildFile; fileRef = DFB0AC17250C465C00C9C934 /* CategoryViewModel.swift */; };
		DFB0AC19250C525500C9C934 /* BrowseNewsViewController.swift in Sources */ = {isa = PBXBuildFile; fileRef = DFB0AC00250C011700C9C934 /* BrowseNewsViewController.swift */; };
		DFB0AC1F250C5B5B00C9C934 /* NewsCardCellView.swift in Sources */ = {isa = PBXBuildFile; fileRef = DFB0AC1B250C5B5B00C9C934 /* NewsCardCellView.swift */; };
		DFB0AC20250C5B5B00C9C934 /* NewsCardView.swift in Sources */ = {isa = PBXBuildFile; fileRef = DFB0AC1C250C5B5B00C9C934 /* NewsCardView.swift */; };
		DFB0AC21250C5B5B00C9C934 /* NewsCardCellView.xib in Resources */ = {isa = PBXBuildFile; fileRef = DFB0AC1D250C5B5B00C9C934 /* NewsCardCellView.xib */; };
		DFB0AC22250C5B5B00C9C934 /* NewsCardView.xib in Resources */ = {isa = PBXBuildFile; fileRef = DFB0AC1E250C5B5B00C9C934 /* NewsCardView.xib */; };
		DFB0AC24250C5BA200C9C934 /* News.swift in Sources */ = {isa = PBXBuildFile; fileRef = DFB0AC23250C5BA200C9C934 /* News.swift */; };
		DFB0AC26250C5CE900C9C934 /* NewsCardViewModel.swift in Sources */ = {isa = PBXBuildFile; fileRef = DFB0AC25250C5CE900C9C934 /* NewsCardViewModel.swift */; };
		DFB0AC29250D388D00C9C934 /* Service.swift in Sources */ = {isa = PBXBuildFile; fileRef = DFB0AC28250D388D00C9C934 /* Service.swift */; };
		DFB0AC2B250D3E8F00C9C934 /* NewsService.swift in Sources */ = {isa = PBXBuildFile; fileRef = DFB0AC2A250D3E8F00C9C934 /* NewsService.swift */; };
		DFB0AC2D250D549100C9C934 /* UIImageView+extensions.swift in Sources */ = {isa = PBXBuildFile; fileRef = DFB0AC2C250D549100C9C934 /* UIImageView+extensions.swift */; };
/* End PBXBuildFile section */

/* Begin PBXFileReference section */
		DF9615FE2510093200928B07 /* CountryCollectionViewCell.swift */ = {isa = PBXFileReference; lastKnownFileType = sourcecode.swift; name = CountryCollectionViewCell.swift; path = NewsApp/Views/Country/CountryCollectionViewCell.swift; sourceTree = SOURCE_ROOT; };
		DF96160125100A9200928B07 /* CountryCollectionViewCell.xib */ = {isa = PBXFileReference; lastKnownFileType = file.xib; path = CountryCollectionViewCell.xib; sourceTree = "<group>"; };
		DFB0ABE9250BFF9E00C9C934 /* NewsApp.app */ = {isa = PBXFileReference; explicitFileType = wrapper.application; includeInIndex = 0; path = NewsApp.app; sourceTree = BUILT_PRODUCTS_DIR; };
		DFB0ABEC250BFF9E00C9C934 /* AppDelegate.swift */ = {isa = PBXFileReference; lastKnownFileType = sourcecode.swift; path = AppDelegate.swift; sourceTree = "<group>"; };
		DFB0ABF5250BFF9F00C9C934 /* Assets.xcassets */ = {isa = PBXFileReference; lastKnownFileType = folder.assetcatalog; path = Assets.xcassets; sourceTree = "<group>"; };
		DFB0ABF8250BFF9F00C9C934 /* Base */ = {isa = PBXFileReference; lastKnownFileType = file.storyboard; name = Base; path = Base.lproj/LaunchScreen.storyboard; sourceTree = "<group>"; };
		DFB0ABFA250BFF9F00C9C934 /* Info.plist */ = {isa = PBXFileReference; lastKnownFileType = text.plist.xml; path = Info.plist; sourceTree = "<group>"; };
		DFB0AC00250C011700C9C934 /* BrowseNewsViewController.swift */ = {isa = PBXFileReference; lastKnownFileType = sourcecode.swift; path = BrowseNewsViewController.swift; sourceTree = "<group>"; };
		DFB0AC01250C011700C9C934 /* BrowseNewsViewController.xib */ = {isa = PBXFileReference; lastKnownFileType = file.xib; path = BrowseNewsViewController.xib; sourceTree = "<group>"; };
		DFB0AC07250C087900C9C934 /* CategoryView.xib */ = {isa = PBXFileReference; lastKnownFileType = file.xib; path = CategoryView.xib; sourceTree = "<group>"; };
		DFB0AC09250C088B00C9C934 /* CategoryView.swift */ = {isa = PBXFileReference; lastKnownFileType = sourcecode.swift; path = CategoryView.swift; sourceTree = "<group>"; };
		DFB0AC0D250C128400C9C934 /* UIView+extension.swift */ = {isa = PBXFileReference; lastKnownFileType = sourcecode.swift; path = "UIView+extension.swift"; sourceTree = "<group>"; };
		DFB0AC0F250C158800C9C934 /* CategoryCellView.xib */ = {isa = PBXFileReference; lastKnownFileType = file.xib; path = CategoryCellView.xib; sourceTree = "<group>"; };
		DFB0AC11250C15BC00C9C934 /* CategoryCellView.swift */ = {isa = PBXFileReference; lastKnownFileType = sourcecode.swift; path = CategoryCellView.swift; sourceTree = "<group>"; };
		DFB0AC14250C453600C9C934 /* Category.swift */ = {isa = PBXFileReference; lastKnownFileType = sourcecode.swift; path = Category.swift; sourceTree = "<group>"; };
		DFB0AC17250C465C00C9C934 /* CategoryViewModel.swift */ = {isa = PBXFileReference; lastKnownFileType = sourcecode.swift; path = CategoryViewModel.swift; sourceTree = "<group>"; };
		DFB0AC1B250C5B5B00C9C934 /* NewsCardCellView.swift */ = {isa = PBXFileReference; fileEncoding = 4; lastKnownFileType = sourcecode.swift; path = NewsCardCellView.swift; sourceTree = "<group>"; };
		DFB0AC1C250C5B5B00C9C934 /* NewsCardView.swift */ = {isa = PBXFileReference; fileEncoding = 4; lastKnownFileType = sourcecode.swift; path = NewsCardView.swift; sourceTree = "<group>"; };
		DFB0AC1D250C5B5B00C9C934 /* NewsCardCellView.xib */ = {isa = PBXFileReference; fileEncoding = 4; lastKnownFileType = file.xib; path = NewsCardCellView.xib; sourceTree = "<group>"; };
		DFB0AC1E250C5B5B00C9C934 /* NewsCardView.xib */ = {isa = PBXFileReference; fileEncoding = 4; lastKnownFileType = file.xib; path = NewsCardView.xib; sourceTree = "<group>"; };
		DFB0AC23250C5BA200C9C934 /* News.swift */ = {isa = PBXFileReference; lastKnownFileType = sourcecode.swift; path = News.swift; sourceTree = "<group>"; };
		DFB0AC25250C5CE900C9C934 /* NewsCardViewModel.swift */ = {isa = PBXFileReference; lastKnownFileType = sourcecode.swift; path = NewsCardViewModel.swift; sourceTree = "<group>"; };
		DFB0AC28250D388D00C9C934 /* Service.swift */ = {isa = PBXFileReference; lastKnownFileType = sourcecode.swift; path = Service.swift; sourceTree = "<group>"; };
		DFB0AC2A250D3E8F00C9C934 /* NewsService.swift */ = {isa = PBXFileReference; lastKnownFileType = sourcecode.swift; path = NewsService.swift; sourceTree = "<group>"; };
		DFB0AC2C250D549100C9C934 /* UIImageView+extensions.swift */ = {isa = PBXFileReference; lastKnownFileType = sourcecode.swift; path = "UIImageView+extensions.swift"; sourceTree = "<group>"; };
/* End PBXFileReference section */

/* Begin PBXFrameworksBuildPhase section */
		DFB0ABE6250BFF9E00C9C934 /* Frameworks */ = {
			isa = PBXFrameworksBuildPhase;
			buildActionMask = 2147483647;
			files = (
			);
			runOnlyForDeploymentPostprocessing = 0;
		};
/* End PBXFrameworksBuildPhase section */

/* Begin PBXGroup section */
		DF96160025100A7600928B07 /* Country */ = {
			isa = PBXGroup;
			children = (
				DF9615FE2510093200928B07 /* CountryCollectionViewCell.swift */,
				DF96160125100A9200928B07 /* CountryCollectionViewCell.xib */,
			);
			path = Country;
			sourceTree = "<group>";
		};
		DFB0ABE0250BFF9E00C9C934 = {
			isa = PBXGroup;
			children = (
				DFB0ABEB250BFF9E00C9C934 /* NewsApp */,
				DFB0ABEA250BFF9E00C9C934 /* Products */,
			);
			sourceTree = "<group>";
		};
		DFB0ABEA250BFF9E00C9C934 /* Products */ = {
			isa = PBXGroup;
			children = (
				DFB0ABE9250BFF9E00C9C934 /* NewsApp.app */,
			);
			name = Products;
			sourceTree = "<group>";
		};
		DFB0ABEB250BFF9E00C9C934 /* NewsApp */ = {
			isa = PBXGroup;
			children = (
				DFB0AC27250D380E00C9C934 /* Services */,
				DFB0AC16250C463100C9C934 /* ViewModels */,
				DFB0AC13250C451D00C9C934 /* Model */,
				DFB0AC0C250C127300C9C934 /* extension */,
				DFB0AC05250C083400C9C934 /* Views */,
				DFB0ABEC250BFF9E00C9C934 /* AppDelegate.swift */,
				DFB0ABF5250BFF9F00C9C934 /* Assets.xcassets */,
				DFB0ABF7250BFF9F00C9C934 /* LaunchScreen.storyboard */,
				DFB0ABFA250BFF9F00C9C934 /* Info.plist */,
			);
			path = NewsApp;
			sourceTree = "<group>";
		};
		DFB0AC05250C083400C9C934 /* Views */ = {
			isa = PBXGroup;
			children = (
				DF96160025100A7600928B07 /* Country */,
				DFB0AC1A250C5ADF00C9C934 /* newsCard */,
				DFB0AC06250C084200C9C934 /* category */,
				DFB0AC00250C011700C9C934 /* BrowseNewsViewController.swift */,
				DFB0AC01250C011700C9C934 /* BrowseNewsViewController.xib */,
			);
			path = Views;
			sourceTree = "<group>";
		};
		DFB0AC06250C084200C9C934 /* category */ = {
			isa = PBXGroup;
			children = (
				DFB0AC07250C087900C9C934 /* CategoryView.xib */,
				DFB0AC09250C088B00C9C934 /* CategoryView.swift */,
				DFB0AC0F250C158800C9C934 /* CategoryCellView.xib */,
				DFB0AC11250C15BC00C9C934 /* CategoryCellView.swift */,
			);
			path = category;
			sourceTree = "<group>";
		};
		DFB0AC0C250C127300C9C934 /* extension */ = {
			isa = PBXGroup;
			children = (
				DFB0AC0D250C128400C9C934 /* UIView+extension.swift */,
				DFB0AC2C250D549100C9C934 /* UIImageView+extensions.swift */,
			);
			path = extension;
			sourceTree = "<group>";
		};
		DFB0AC13250C451D00C9C934 /* Model */ = {
			isa = PBXGroup;
			children = (
				DFB0AC14250C453600C9C934 /* Category.swift */,
				DFB0AC23250C5BA200C9C934 /* News.swift */,
			);
			path = Model;
			sourceTree = "<group>";
		};
		DFB0AC16250C463100C9C934 /* ViewModels */ = {
			isa = PBXGroup;
			children = (
				DFB0AC17250C465C00C9C934 /* CategoryViewModel.swift */,
				DFB0AC25250C5CE900C9C934 /* NewsCardViewModel.swift */,
			);
			path = ViewModels;
			sourceTree = "<group>";
		};
		DFB0AC1A250C5ADF00C9C934 /* newsCard */ = {
			isa = PBXGroup;
			children = (
				DFB0AC1B250C5B5B00C9C934 /* NewsCardCellView.swift */,
				DFB0AC1D250C5B5B00C9C934 /* NewsCardCellView.xib */,
				DFB0AC1C250C5B5B00C9C934 /* NewsCardView.swift */,
				DFB0AC1E250C5B5B00C9C934 /* NewsCardView.xib */,
			);
			path = newsCard;
			sourceTree = "<group>";
		};
		DFB0AC27250D380E00C9C934 /* Services */ = {
			isa = PBXGroup;
			children = (
				DFB0AC28250D388D00C9C934 /* Service.swift */,
				DFB0AC2A250D3E8F00C9C934 /* NewsService.swift */,
			);
			path = Services;
			sourceTree = "<group>";
		};
/* End PBXGroup section */

/* Begin PBXNativeTarget section */
		DFB0ABE8250BFF9E00C9C934 /* NewsApp */ = {
			isa = PBXNativeTarget;
			buildConfigurationList = DFB0ABFD250BFF9F00C9C934 /* Build configuration list for PBXNativeTarget "NewsApp" */;
			buildPhases = (
				DFB0ABE5250BFF9E00C9C934 /* Sources */,
				DFB0ABE6250BFF9E00C9C934 /* Frameworks */,
				DFB0ABE7250BFF9E00C9C934 /* Resources */,
			);
			buildRules = (
			);
			dependencies = (
			);
			name = NewsApp;
			productName = NewsApp;
			productReference = DFB0ABE9250BFF9E00C9C934 /* NewsApp.app */;
			productType = "com.apple.product-type.application";
		};
/* End PBXNativeTarget section */

/* Begin PBXProject section */
		DFB0ABE1250BFF9E00C9C934 /* Project object */ = {
			isa = PBXProject;
			attributes = {
				LastSwiftUpdateCheck = 1170;
				LastUpgradeCheck = 1170;
				ORGANIZATIONNAME = "Cassio Sousa";
				TargetAttributes = {
					DFB0ABE8250BFF9E00C9C934 = {
						CreatedOnToolsVersion = 11.7;
					};
				};
			};
			buildConfigurationList = DFB0ABE4250BFF9E00C9C934 /* Build configuration list for PBXProject "NewsApp" */;
			compatibilityVersion = "Xcode 9.3";
			developmentRegion = en;
			hasScannedForEncodings = 0;
			knownRegions = (
				en,
				Base,
			);
			mainGroup = DFB0ABE0250BFF9E00C9C934;
			productRefGroup = DFB0ABEA250BFF9E00C9C934 /* Products */;
			projectDirPath = "";
			projectRoot = "";
			targets = (
				DFB0ABE8250BFF9E00C9C934 /* NewsApp */,
			);
		};
/* End PBXProject section */

/* Begin PBXResourcesBuildPhase section */
		DFB0ABE7250BFF9E00C9C934 /* Resources */ = {
			isa = PBXResourcesBuildPhase;
			buildActionMask = 2147483647;
			files = (
				DFB0AC22250C5B5B00C9C934 /* NewsCardView.xib in Resources */,
				DF96160225100A9200928B07 /* CountryCollectionViewCell.xib in Resources */,
				DFB0ABF9250BFF9F00C9C934 /* LaunchScreen.storyboard in Resources */,
				DFB0AC21250C5B5B00C9C934 /* NewsCardCellView.xib in Resources */,
				DFB0ABF6250BFF9F00C9C934 /* Assets.xcassets in Resources */,
				DFB0AC08250C087900C9C934 /* CategoryView.xib in Resources */,
				DFB0AC03250C011700C9C934 /* BrowseNewsViewController.xib in Resources */,
				DFB0AC10250C158800C9C934 /* CategoryCellView.xib in Resources */,
			);
			runOnlyForDeploymentPostprocessing = 0;
		};
/* End PBXResourcesBuildPhase section */

/* Begin PBXSourcesBuildPhase section */
		DFB0ABE5250BFF9E00C9C934 /* Sources */ = {
			isa = PBXSourcesBuildPhase;
			buildActionMask = 2147483647;
			files = (
				DFB0AC2D250D549100C9C934 /* UIImageView+extensions.swift in Sources */,
				DF9615FF2510093200928B07 /* CountryCollectionViewCell.swift in Sources */,
				DFB0AC20250C5B5B00C9C934 /* NewsCardView.swift in Sources */,
				DFB0AC26250C5CE900C9C934 /* NewsCardViewModel.swift in Sources */,
				DFB0AC18250C465C00C9C934 /* CategoryViewModel.swift in Sources */,
				DFB0AC04250C038A00C9C934 /* AppDelegate.swift in Sources */,
				DFB0AC12250C15BC00C9C934 /* CategoryCellView.swift in Sources */,
				DFB0AC29250D388D00C9C934 /* Service.swift in Sources */,
				DFB0AC1F250C5B5B00C9C934 /* NewsCardCellView.swift in Sources */,
				DFB0AC2B250D3E8F00C9C934 /* NewsService.swift in Sources */,
				DFB0AC19250C525500C9C934 /* BrowseNewsViewController.swift in Sources */,
				DFB0AC0E250C128400C9C934 /* UIView+extension.swift in Sources */,
				DFB0AC0B250C11A200C9C934 /* CategoryView.swift in Sources */,
				DFB0AC24250C5BA200C9C934 /* News.swift in Sources */,
				DFB0AC15250C453600C9C934 /* Category.swift in Sources */,
			);
			runOnlyForDeploymentPostprocessing = 0;
		};
/* End PBXSourcesBuildPhase section */

/* Begin PBXVariantGroup section */
		DFB0ABF7250BFF9F00C9C934 /* LaunchScreen.storyboard */ = {
			isa = PBXVariantGroup;
			children = (
				DFB0ABF8250BFF9F00C9C934 /* Base */,
			);
			name = LaunchScreen.storyboard;
			sourceTree = "<group>";
		};
/* End PBXVariantGroup section */

/* Begin XCBuildConfiguration section */
		DFB0ABFB250BFF9F00C9C934 /* Debug */ = {
			isa = XCBuildConfiguration;
			buildSettings = {
				ALWAYS_SEARCH_USER_PATHS = NO;
				CLANG_ANALYZER_NONNULL = YES;
				CLANG_ANALYZER_NUMBER_OBJECT_CONVERSION = YES_AGGRESSIVE;
				CLANG_CXX_LANGUAGE_STANDARD = "gnu++14";
				CLANG_CXX_LIBRARY = "libc++";
				CLANG_ENABLE_MODULES = YES;
				CLANG_ENABLE_OBJC_ARC = YES;
				CLANG_ENABLE_OBJC_WEAK = YES;
				CLANG_WARN_BLOCK_CAPTURE_AUTORELEASING = YES;
				CLANG_WARN_BOOL_CONVERSION = YES;
				CLANG_WARN_COMMA = YES;
				CLANG_WARN_CONSTANT_CONVERSION = YES;
				CLANG_WARN_DEPRECATED_OBJC_IMPLEMENTATIONS = YES;
				CLANG_WARN_DIRECT_OBJC_ISA_USAGE = YES_ERROR;
				CLANG_WARN_DOCUMENTATION_COMMENTS = YES;
				CLANG_WARN_EMPTY_BODY = YES;
				CLANG_WARN_ENUM_CONVERSION = YES;
				CLANG_WARN_INFINITE_RECURSION = YES;
				CLANG_WARN_INT_CONVERSION = YES;
				CLANG_WARN_NON_LITERAL_NULL_CONVERSION = YES;
				CLANG_WARN_OBJC_IMPLICIT_RETAIN_SELF = YES;
				CLANG_WARN_OBJC_LITERAL_CONVERSION = YES;
				CLANG_WARN_OBJC_ROOT_CLASS = YES_ERROR;
				CLANG_WARN_RANGE_LOOP_ANALYSIS = YES;
				CLANG_WARN_STRICT_PROTOTYPES = YES;
				CLANG_WARN_SUSPICIOUS_MOVE = YES;
				CLANG_WARN_UNGUARDED_AVAILABILITY = YES_AGGRESSIVE;
				CLANG_WARN_UNREACHABLE_CODE = YES;
				CLANG_WARN__DUPLICATE_METHOD_MATCH = YES;
				COPY_PHASE_STRIP = NO;
				DEBUG_INFORMATION_FORMAT = dwarf;
				ENABLE_STRICT_OBJC_MSGSEND = YES;
				ENABLE_TESTABILITY = YES;
				GCC_C_LANGUAGE_STANDARD = gnu11;
				GCC_DYNAMIC_NO_PIC = NO;
				GCC_NO_COMMON_BLOCKS = YES;
				GCC_OPTIMIZATION_LEVEL = 0;
				GCC_PREPROCESSOR_DEFINITIONS = (
					"DEBUG=1",
					"$(inherited)",
				);
				GCC_WARN_64_TO_32_BIT_CONVERSION = YES;
				GCC_WARN_ABOUT_RETURN_TYPE = YES_ERROR;
				GCC_WARN_UNDECLARED_SELECTOR = YES;
				GCC_WARN_UNINITIALIZED_AUTOS = YES_AGGRESSIVE;
				GCC_WARN_UNUSED_FUNCTION = YES;
				GCC_WARN_UNUSED_VARIABLE = YES;
				IPHONEOS_DEPLOYMENT_TARGET = 13.7;
				MTL_ENABLE_DEBUG_INFO = INCLUDE_SOURCE;
				MTL_FAST_MATH = YES;
				ONLY_ACTIVE_ARCH = YES;
				SDKROOT = iphoneos;
				SWIFT_ACTIVE_COMPILATION_CONDITIONS = DEBUG;
				SWIFT_OPTIMIZATION_LEVEL = "-Onone";
			};
			name = Debug;
		};
		DFB0ABFC250BFF9F00C9C934 /* Release */ = {
			isa = XCBuildConfiguration;
			buildSettings = {
				ALWAYS_SEARCH_USER_PATHS = NO;
				CLANG_ANALYZER_NONNULL = YES;
				CLANG_ANALYZER_NUMBER_OBJECT_CONVERSION = YES_AGGRESSIVE;
				CLANG_CXX_LANGUAGE_STANDARD = "gnu++14";
				CLANG_CXX_LIBRARY = "libc++";
				CLANG_ENABLE_MODULES = YES;
				CLANG_ENABLE_OBJC_ARC = YES;
				CLANG_ENABLE_OBJC_WEAK = YES;
				CLANG_WARN_BLOCK_CAPTURE_AUTORELEASING = YES;
				CLANG_WARN_BOOL_CONVERSION = YES;
				CLANG_WARN_COMMA = YES;
				CLANG_WARN_CONSTANT_CONVERSION = YES;
				CLANG_WARN_DEPRECATED_OBJC_IMPLEMENTATIONS = YES;
				CLANG_WARN_DIRECT_OBJC_ISA_USAGE = YES_ERROR;
				CLANG_WARN_DOCUMENTATION_COMMENTS = YES;
				CLANG_WARN_EMPTY_BODY = YES;
				CLANG_WARN_ENUM_CONVERSION = YES;
				CLANG_WARN_INFINITE_RECURSION = YES;
				CLANG_WARN_INT_CONVERSION = YES;
				CLANG_WARN_NON_LITERAL_NULL_CONVERSION = YES;
				CLANG_WARN_OBJC_IMPLICIT_RETAIN_SELF = YES;
				CLANG_WARN_OBJC_LITERAL_CONVERSION = YES;
				CLANG_WARN_OBJC_ROOT_CLASS = YES_ERROR;
				CLANG_WARN_RANGE_LOOP_ANALYSIS = YES;
				CLANG_WARN_STRICT_PROTOTYPES = YES;
				CLANG_WARN_SUSPICIOUS_MOVE = YES;
				CLANG_WARN_UNGUARDED_AVAILABILITY = YES_AGGRESSIVE;
				CLANG_WARN_UNREACHABLE_CODE = YES;
				CLANG_WARN__DUPLICATE_METHOD_MATCH = YES;
				COPY_PHASE_STRIP = NO;
				DEBUG_INFORMATION_FORMAT = "dwarf-with-dsym";
				ENABLE_NS_ASSERTIONS = NO;
				ENABLE_STRICT_OBJC_MSGSEND = YES;
				GCC_C_LANGUAGE_STANDARD = gnu11;
				GCC_NO_COMMON_BLOCKS = YES;
				GCC_WARN_64_TO_32_BIT_CONVERSION = YES;
				GCC_WARN_ABOUT_RETURN_TYPE = YES_ERROR;
				GCC_WARN_UNDECLARED_SELECTOR = YES;
				GCC_WARN_UNINITIALIZED_AUTOS = YES_AGGRESSIVE;
				GCC_WARN_UNUSED_FUNCTION = YES;
				GCC_WARN_UNUSED_VARIABLE = YES;
				IPHONEOS_DEPLOYMENT_TARGET = 13.7;
				MTL_ENABLE_DEBUG_INFO = NO;
				MTL_FAST_MATH = YES;
				SDKROOT = iphoneos;
				SWIFT_COMPILATION_MODE = wholemodule;
				SWIFT_OPTIMIZATION_LEVEL = "-O";
				VALIDATE_PRODUCT = YES;
			};
			name = Release;
		};
		DFB0ABFE250BFF9F00C9C934 /* Debug */ = {
			isa = XCBuildConfiguration;
			buildSettings = {
				ASSETCATALOG_COMPILER_APPICON_NAME = AppIcon;
				CODE_SIGN_STYLE = Automatic;
				INFOPLIST_FILE = NewsApp/Info.plist;
				IPHONEOS_DEPLOYMENT_TARGET = 12.0;
				LD_RUNPATH_SEARCH_PATHS = (
					"$(inherited)",
					"@executable_path/Frameworks",
				);
				PRODUCT_BUNDLE_IDENTIFIER = br.com.news.NewsApp;
				PRODUCT_NAME = "$(TARGET_NAME)";
				SWIFT_VERSION = 5.0;
				TARGETED_DEVICE_FAMILY = "1,2";
			};
			name = Debug;
		};
		DFB0ABFF250BFF9F00C9C934 /* Release */ = {
			isa = XCBuildConfiguration;
			buildSettings = {
				ASSETCATALOG_COMPILER_APPICON_NAME = AppIcon;
				CODE_SIGN_STYLE = Automatic;
				INFOPLIST_FILE = NewsApp/Info.plist;
				IPHONEOS_DEPLOYMENT_TARGET = 12.0;
				LD_RUNPATH_SEARCH_PATHS = (
					"$(inherited)",
					"@executable_path/Frameworks",
				);
				PRODUCT_BUNDLE_IDENTIFIER = br.com.news.NewsApp;
				PRODUCT_NAME = "$(TARGET_NAME)";
				SWIFT_VERSION = 5.0;
				TARGETED_DEVICE_FAMILY = "1,2";
			};
			name = Release;
		};
/* End XCBuildConfiguration section */

/* Begin XCConfigurationList section */
		DFB0ABE4250BFF9E00C9C934 /* Build configuration list for PBXProject "NewsApp" */ = {
			isa = XCConfigurationList;
			buildConfigurations = (
				DFB0ABFB250BFF9F00C9C934 /* Debug */,
				DFB0ABFC250BFF9F00C9C934 /* Release */,
			);
			defaultConfigurationIsVisible = 0;
			defaultConfigurationName = Release;
		};
		DFB0ABFD250BFF9F00C9C934 /* Build configuration list for PBXNativeTarget "NewsApp" */ = {
			isa = XCConfigurationList;
			buildConfigurations = (
				DFB0ABFE250BFF9F00C9C934 /* Debug */,
				DFB0ABFF250BFF9F00C9C934 /* Release */,
			);
			defaultConfigurationIsVisible = 0;
			defaultConfigurationName = Release;
		};
/* End XCConfigurationList section */
	};
	rootObject = DFB0ABE1250BFF9E00C9C934 /* Project object */;
}
